Microsoft Visual Studio Solution File, Format Version 12.00
# Visual Studio Version 17
VisualStudioVersion = 17.7.12345.123
MinimumVisualStudioVersion = 10.0.40219.1
Project("{FAE04EC0-301F-11D3-BF4B-00C04F79EFBC}") = "DataUpdateMethods", "DataUpdateMethods\DataUpdateMethods.csproj", "{76ED869D-3F70-44E6-AAC5-026887AA928E}"
EndProject
Global
	GlobalSection(SolutionConfigurationPlatforms) = preSolution
		Debug|Any CPU = Debug|Any CPU
		Release|Any CPU = Release|Any CPU
	EndGlobalSection
	GlobalSection(ProjectConfigurationPlatforms) = postSolution
		{76ED869D-3F70-44E6-AAC5-026887AA928E}.Debug|Any CPU.ActiveCfg = Debug|Any CPU
		{76ED869D-3F70-44E6-AAC5-026887AA928E}.Debug|Any CPU.Build.0 = Debug|Any CPU
		{76ED869D-3F70-44E6-AAC5-026887AA928E}.Release|Any CPU.ActiveCfg = Release|Any CPU
		{76ED869D-3F70-44E6-AAC5-026887AA928E}.Release|Any CPU.Build.0 = Release|Any CPU
	EndGlobalSection
	GlobalSection(SolutionProperties) = preSolution
		HideSolutionNode = FALSE
	EndGlobalSection
	GlobalSection(ExtensibilityGlobals) = postSolution
		SolutionGuid = {F0CA48DD-39D6-489C-88B7-EDBDFB8056DB}
	EndGlobalSection
EndGlobal
